<?xml version="1.0" encoding="utf-8"?>
<Project ToolsVersion="4.0" xmlns="http://schemas.microsoft.com/developer/msbuild/2003">
  <ItemGroup>
    <Filter Include="Source Files">
      <UniqueIdentifier>{4FC737F1-C7A5-4376-A066-2A32D752A2FF}</UniqueIdentifier>
      <Extensions>cpp;c;cc;cxx;def;odl;idl;hpj;bat;asm;asmx</Extensions>
    </Filter>
    <Filter Include="Source Files\Math">
      <UniqueIdentifier>{f03af0e0-58e9-49b9-8adc-003652038692}</UniqueIdentifier>
    </Filter>
    <Filter Include="Source Files\Renderer">
      <UniqueIdentifier>{1768ea70-daf3-4088-a997-72cb4f87af1a}</UniqueIdentifier>
    </Filter>
    <Filter Include="Source Files\Application">
      <UniqueIdentifier>{38182836-7df0-4b4f-9601-879a3c1fe320}</UniqueIdentifier>
    </Filter>
    <Filter Include="Header Files">
      <UniqueIdentifier>{93995380-89BD-4b04-88EB-625FBE52EBFB}</UniqueIdentifier>
      <Extensions>h;hpp;hxx;hm;inl;inc;xsd</Extensions>
    </Filter>
    <Filter Include="Header Files\Renderer">
      <UniqueIdentifier>{4f4260c8-f868-4677-aaf1-a704cd42d864}</UniqueIdentifier>
    </Filter>
    <Filter Include="Header Files\Application">
      <UniqueIdentifier>{206ee887-d915-4428-98cb-8fc8c1a56460}</UniqueIdentifier>
    </Filter>
    <Filter Include="Resource Files">
      <UniqueIdentifier>{67DA6AB6-F800-4c08-8B7A-83BB121AAD01}</UniqueIdentifier>
      <Extensions>rc;ico;cur;bmp;dlg;rc2;rct;bin;rgs;gif;jpg;jpeg;jpe;resx;tiff;tif;png;wav</Extensions>
    </Filter>
    <Filter Include="Header Files\Globals">
      <UniqueIdentifier>{531e69e6-c3ef-4119-a73c-931a8f6ed31b}</UniqueIdentifier>
    </Filter>
    <Filter Include="Header Files\Math">
      <UniqueIdentifier>{a21a409d-b6e3-49ff-a64c-706f1d4378a1}</UniqueIdentifier>
    </Filter>
    <Filter Include="Header Files\Renderer\Core">
      <UniqueIdentifier>{65bcc3bd-b4d0-4e5f-8b08-103155d188b0}</UniqueIdentifier>
    </Filter>
    <Filter Include="Source Files\Renderer\Core">
      <UniqueIdentifier>{d68fc64d-502a-4d2a-bda4-a61a7d5755f2}</UniqueIdentifier>
    </Filter>
    <Filter Include="Bitmap Loader">
      <UniqueIdentifier>{a887dd51-883b-4239-9f51-50944327947c}</UniqueIdentifier>
    </Filter>
    <Filter Include="Header Files\Renderer\Core\Threading">
      <UniqueIdentifier>{4516aefb-dfc3-4e1a-9566-29cdadf9b62d}</UniqueIdentifier>
    </Filter>
    <Filter Include="Source Files\Renderer\Core\Threading">
      <UniqueIdentifier>{2cc91d0c-abc8-4d86-bb71-a12e8fac4263}</UniqueIdentifier>
    </Filter>
  </ItemGroup>
  <ItemGroup>
    <ClCompile Include="main.cpp">
      <Filter>Source Files</Filter>
    </ClCompile>
    <ClCompile Include="Application.cpp">
      <Filter>Source Files\Application</Filter>
    </ClCompile>
    <ClCompile Include="Vector2.cpp">
      <Filter>Source Files\Math</Filter>
    </ClCompile>
    <ClCompile Include="Timer.cpp">
      <Filter>Source Files\Application</Filter>
    </ClCompile>
    <ClCompile Include="Colour.cpp">
      <Filter>Source Files\Renderer</Filter>
    </ClCompile>
    <ClCompile Include="Logger.cpp">
      <Filter>Source Files\Application</Filter>
    </ClCompile>
    <ClCompile Include="ZDepthBuffer.cpp">
      <Filter>Source Files\Renderer</Filter>
    </ClCompile>
    <ClCompile Include="InputHandler.cpp">
      <Filter>Source Files\Application</Filter>
    </ClCompile>
    <ClCompile Include="BackBuffer.cpp">
      <Filter>Source Files\Renderer</Filter>
    </ClCompile>
    <ClCompile Include="Vector3.cpp">
      <Filter>Source Files\Math</Filter>
    </ClCompile>
    <ClCompile Include="Matrix4.cpp">
      <Filter>Source Files\Math</Filter>
    </ClCompile>
    <ClCompile Include="SWR_Math.cpp">
      <Filter>Source Files\Math</Filter>
    </ClCompile>
    <ClCompile Include="Vector4.cpp">
      <Filter>Source Files\Math</Filter>
    </ClCompile>
    <ClCompile Include="RenderDevice.cpp">
      <Filter>Source Files\Renderer\Core</Filter>
    </ClCompile>
    <ClCompile Include="Rasterizer.cpp">
      <Filter>Source Files\Renderer\Core</Filter>
    </ClCompile>
    <ClCompile Include="IndexBuffer.cpp">
      <Filter>Source Files\Renderer</Filter>
    </ClCompile>
    <ClCompile Include="Vertex.cpp">
      <Filter>Source Files\Renderer</Filter>
    </ClCompile>
    <ClCompile Include="TextureManager.cpp">
      <Filter>Source Files\Renderer</Filter>
    </ClCompile>
    <ClCompile Include="Texture.cpp">
      <Filter>Source Files\Renderer</Filter>
    </ClCompile>
    <ClCompile Include="BMPLoader.cpp">
      <Filter>Bitmap Loader</Filter>
    </ClCompile>
    <ClCompile Include="Font.cpp">
      <Filter>Source Files\Application</Filter>
    </ClCompile>
    <ClCompile Include="Sprite.cpp">
      <Filter>Source Files\Application</Filter>
    </ClCompile>
    <ClCompile Include="LightingManager.cpp">
      <Filter>Source Files\Renderer</Filter>
    </ClCompile>
    <ClCompile Include="TriangleClipper2D.cpp">
      <Filter>Source Files\Renderer\Core</Filter>
    </ClCompile>
  </ItemGroup>
  <ItemGroup>
    <ClInclude Include="Application.h">
      <Filter>Header Files\Application</Filter>
    </ClInclude>
    <ClInclude Include="ApplicationSettings.h">
      <Filter>Header Files\Application</Filter>
    </ClInclude>
    <ClInclude Include="DataTypes.h">
      <Filter>Header Files\Globals</Filter>
    </ClInclude>
    <ClInclude Include="FrameListener.h">
      <Filter>Header Files\Application</Filter>
    </ClInclude>
    <ClInclude Include="Matrix4.h">
      <Filter>Header Files\Math</Filter>
    </ClInclude>
    <ClInclude Include="Vector2.h">
      <Filter>Header Files\Math</Filter>
    </ClInclude>
    <ClInclude Include="Vector3.h">
      <Filter>Header Files\Math</Filter>
    </ClInclude>
    <ClInclude Include="Globals.h">
      <Filter>Header Files\Globals</Filter>
    </ClInclude>
    <ClInclude Include="SWR_Math.h">
      <Filter>Header Files\Math</Filter>
    </ClInclude>
    <ClInclude Include="MemoryLeak.h">
      <Filter>Header Files\Globals</Filter>
    </ClInclude>
    <ClInclude Include="Timer.h">
      <Filter>Header Files\Application</Filter>
    </ClInclude>
    <ClInclude Include="Logger.h">
      <Filter>Header Files\Application</Filter>
    </ClInclude>
    <ClInclude Include="MainListener.h">
      <Filter>Source Files</Filter>
    </ClInclude>
    <ClInclude Include="InputHandler.h">
      <Filter>Header Files\Application</Filter>
    </ClInclude>
    <ClInclude Include="SWRUtil.h">
      <Filter>Header Files\Application</Filter>
    </ClInclude>
    <ClInclude Include="Fixed32.h">
      <Filter>Header Files\Renderer</Filter>
    </ClInclude>
    <ClInclude Include="RenderDevice.h">
      <Filter>Header Files\Renderer\Core</Filter>
    </ClInclude>
    <ClInclude Include="Rasterizer.h">
      <Filter>Header Files\Renderer\Core</Filter>
    </ClInclude>
    <ClInclude Include="BackBuffer.h">
      <Filter>Header Files\Renderer</Filter>
    </ClInclude>
    <ClInclude Include="ZDepthBuffer.h">
      <Filter>Header Files\Renderer</Filter>
    </ClInclude>
    <ClInclude Include="IndexBuffer.h">
      <Filter>Header Files\Renderer</Filter>
    </ClInclude>
    <ClInclude Include="Vertex.h">
      <Filter>Header Files\Renderer</Filter>
    </ClInclude>
    <ClInclude Include="TextureManager.h">
      <Filter>Header Files\Renderer</Filter>
    </ClInclude>
    <ClInclude Include="Texture.h">
      <Filter>Header Files\Renderer</Filter>
    </ClInclude>
    <ClInclude Include="BMPLoader.h">
      <Filter>Bitmap Loader</Filter>
    </ClInclude>
    <ClInclude Include="Rectangle.h">
      <Filter>Header Files\Math</Filter>
    </ClInclude>
    <ClInclude Include="Sprite.h">
      <Filter>Header Files\Application</Filter>
    </ClInclude>
    <ClInclude Include="Font.h">
      <Filter>Header Files\Application</Filter>
    </ClInclude>
    <ClInclude Include="LightingManager.h">
      <Filter>Header Files\Renderer</Filter>
    </ClInclude>
    <ClInclude Include="Vector4.h">
      <Filter>Header Files\Math</Filter>
    </ClInclude>
    <ClInclude Include="TriangleClipper2D.h">
      <Filter>Header Files\Renderer\Core</Filter>
    </ClInclude>
    <ClInclude Include="RenderThread.h">
      <Filter>Header Files\Renderer\Core\Threading</Filter>
    </ClInclude>
    <ClInclude Include="RenderThreadManager.h">
      <Filter>Header Files\Renderer\Core\Threading</Filter>
    </ClInclude>
    <ClInclude Include="ThreadSafeRasterizer.h">
      <Filter>Header Files\Renderer\Core\Threading</Filter>
    </ClInclude>
    <ClInclude Include="TriangleClipper3D.h">
      <Filter>Header Files\Renderer\Core</Filter>
    </ClInclude>
  </ItemGroup>
  <ItemGroup>
    <None Include="Template.txt">
      <Filter>Resource Files</Filter>
    </None>
    <None Include="Colour.h">
      <Filter>Header Files\Renderer</Filter>
    </None>
    <None Include="BMP Loader Info.txt">
      <Filter>Bitmap Loader</Filter>
    </None>
  </ItemGroup>
</Project>